<?xml version="1.0" encoding="UTF-8" standalone="yes" ?>
<CodeBlocks_project_file>
	<FileVersion major="1" minor="6" />
	<Project>
		<Option title="Project_Manager" />
		<Option pch_mode="0" />
		<Option compiler="copy_of_gnu_gcc_compiler_x64" />
		<Build>
			<Target title="Debug">
				<Option output="bin/Debug/Project_Manager" prefix_auto="1" extension_auto="1" />
				<Option object_output="obj/Debug/" />
				<Option type="1" />
				<Option compiler="copy_of_gnu_gcc_compiler_x64" />
				<Option projectLinkerOptionsRelation="2" />
				<Compiler>
					<Add option="-g" />
					<Add directory="D:/Zajecia/Projekty/22-Project_Manager/Project_Manager/dependancies/wxWidgets-3.1.3/lib/gcc_dll/mswu" />
					<Add directory="C:/Program Files/boost/include" />
				</Compiler>
				<ResourceCompiler>
					<Add directory="D:/Zajecia/Projekty/22-Project_Manager/Project_Manager/dependancies/wxWidgets-3.1.3/lib/gcc_dll/mswu" />
					<Add directory="C:/Program Files/boost/include" />
				</ResourceCompiler>
				<Linker>
					<Add library="libwxmsw31u_core.a" />
					<Add library="libwxbase31u.a" />
					<Add library="libwxpng.a" />
					<Add library="libwxzlib.a" />
					<Add library="C:/Libraries/Boost/boost_1_72_0/stage/lib/libboost_filesystem-mgw81-mt-d-x64-1_72.a" />
					<Add library="C:/Libraries/Boost/boost_1_72_0/stage/lib/libboost_exception-mgw81-mt-d-x64-1_72.a" />
					<Add library="C:/Libraries/Boost/boost_1_72_0/stage/lib/libboost_date_time-mgw81-mt-d-x64-1_72.a" />
					<Add directory="D:/Zajecia/Projekty/22-Project_Manager/Project_Manager/dependancies/wxWidgets-3.1.3/lib/gcc_dll" />
					<Add directory="C:/Program Files/boost/lib" />
				</Linker>
			</Target>
			<Target title="Release">
				<Option output="bin/Release/Project_Manager" prefix_auto="1" extension_auto="1" />
				<Option object_output="obj/Release/" />
				<Option type="1" />
				<Option compiler="copy_of_gnu_gcc_compiler_x64" />
				<Option projectLinkerOptionsRelation="2" />
				<Compiler>
					<Add option="-O2" />
					<Add directory="D:/Zajecia/Projekty/22-Project_Manager/Project_Manager/dependancies/wxWidgets-3.1.3/lib/gcc_dll/mswu" />
					<Add directory="C:/Program Files/boost/include" />
				</Compiler>
				<ResourceCompiler>
					<Add directory="D:/Zajecia/Projekty/22-Project_Manager/Project_Manager/dependancies/wxWidgets-3.1.3/lib/gcc_dll/mswu" />
					<Add directory="C:/Program Files/boost/include" />
				</ResourceCompiler>
				<Linker>
					<Add option="-s" />
					<Add library="libwxmsw31u_core.a" />
					<Add library="libwxbase31u.a" />
					<Add library="libwxpng.a" />
					<Add library="libwxzlib.a" />
					<Add library="C:/Libraries/Boost/boost_1_72_0/stage/lib/libboost_filesystem-mgw81-mt-x64-1_72.a" />
					<Add library="C:/Libraries/Boost/boost_1_72_0/stage/lib/libboost_exception-mgw81-mt-x64-1_72.a" />
					<Add library="C:/Libraries/Boost/boost_1_72_0/stage/lib/libboost_date_time-mgw81-mt-x64-1_72.a" />
					<Add directory="D:/Zajecia/Projekty/22-Project_Manager/Project_Manager/dependancies/wxWidgets-3.1.3/lib/gcc_dll" />
					<Add directory="C:/Program Files/boost/lib" />
				</Linker>
			</Target>
		</Build>
		<Compiler>
			<Add option="-Wall" />
			<Add option="-std=c++14" />
			<Add option="-m64" />
			<Add option="-pipe" />
			<Add option="-mthreads" />
			<Add option="-Winvalid-pch" />
			<Add option="-include wx_pch.h" />
			<Add option="-D__GNUWIN32__" />
			<Add option="-D__WXMSW__" />
			<Add option="-DWXUSINGDLL" />
			<Add option="-DwxUSE_UNICODE" />
			<Add option="-DWX_PRECOMP" />
			<Add directory="D:/Zajecia/Projekty/22-Project_Manager/Project_Manager/dependancies/wxWidgets-3.1.3/include" />
			<Add directory="D:/Zajecia/Projekty/22-Project_Manager/Project_Manager/dependancies/sqlite3/include" />
			<Add directory="C:/Program Files/boost/include" />
		</Compiler>
		<ResourceCompiler>
			<Add directory="D:/Zajecia/Projekty/22-Project_Manager/Project_Manager/dependancies/wxWidgets-3.1.3/include" />
			<Add directory="D:/Zajecia/Projekty/22-Project_Manager/Project_Manager/dependancies/sqlite3/include" />
			<Add directory="C:/Program Files/boost/include" />
		</ResourceCompiler>
		<Linker>
			<Add option="-m64" />
			<Add option="-mthreads" />
			<Add library="sqlite3" />
			<Add directory="D:/Zajecia/Projekty/22-Project_Manager/Project_Manager/dependancies/sqlite3/lib" />
			<Add directory="C:/Program Files/boost/lib" />
		</Linker>
		<Unit filename="dbmanager.cpp" />
		<Unit filename="dbmanager.h" />
		<Unit filename="docsgenerator.cpp" />
		<Unit filename="docsgenerator.h" />
		<Unit filename="docslist.cpp" />
		<Unit filename="docslist.h" />
		<Unit filename="document.cpp" />
		<Unit filename="document.h" />
		<Unit filename="documenter.cpp" />
		<Unit filename="documenter.h" />
		<Unit filename="gendoclist.cpp" />
		<Unit filename="gendoclist.h" />
		<Unit filename="guilauncher.cpp" />
		<Unit filename="guilauncher.h" />
		<Unit filename="guimain.cpp" />
		<Unit filename="guimain.h" />
		<Unit filename="guinewproject.cpp" />
		<Unit filename="guinewproject.h" />
		<Unit filename="pmutilities.h" />
		<Unit filename="wx_pch.h">
			<Option compile="1" />
			<Option weight="0" />
		</Unit>
		<Extensions>
			<code_completion />
			<envvars />
			<debugger />
			<lib_finder disable_auto="1" />
		</Extensions>
	</Project>
</CodeBlocks_project_file>
